
Microsoft Visual Studio Solution File, Format Version 12.00
# Visual Studio Version 16
VisualStudioVersion = 16.0.30413.136
MinimumVisualStudioVersion = 10.0.40219.1
Project("{FAE04EC0-301F-11D3-BF4B-00C04F79EFBC}") = "Atividade5", "Atividade5\Atividade5.csproj", "{B19B080B-4B09-4625-B638-22E7FD5701D8}"
EndProject
Global
	GlobalSection(SolutionConfigurationPlatforms) = preSolution
		Debug|Any CPU = Debug|Any CPU
		Release|Any CPU = Release|Any CPU
	EndGlobalSection
	GlobalSection(ProjectConfigurationPlatforms) = postSolution
		{B19B080B-4B09-4625-B638-22E7FD5701D8}.Debug|Any CPU.ActiveCfg = Debug|Any CPU
		{B19B080B-4B09-4625-B638-22E7FD5701D8}.Debug|Any CPU.Build.0 = Debug|Any CPU
		{B19B080B-4B09-4625-B638-22E7FD5701D8}.Release|Any CPU.ActiveCfg = Release|Any CPU
		{B19B080B-4B09-4625-B638-22E7FD5701D8}.Release|Any CPU.Build.0 = Release|Any CPU
	EndGlobalSection
	GlobalSection(SolutionProperties) = preSolution
		HideSolutionNode = FALSE
	EndGlobalSection
	GlobalSection(ExtensibilityGlobals) = postSolution
		SolutionGuid = {DF8CA868-9CBA-45D9-8207-57F04571995B}
	EndGlobalSection
EndGlobal
